
Microsoft Visual Studio Solution File, Format Version 12.00
# Visual Studio 14
VisualStudioVersion = 14.0.25420.1
MinimumVisualStudioVersion = 10.0.40219.1
Project("{FAE04EC0-301F-11D3-BF4B-00C04F79EFBC}") = "desktop", "desktop\desktop\desktop.csproj", "{30A2F8E7-ADCC-452B-88B5-F5D0C1209BDE}"
EndProject
Project("{FAE04EC0-301F-11D3-BF4B-00C04F79EFBC}") = "desktop.Droid", "desktop\desktop.Droid\desktop.Droid.csproj", "{7B57B778-586C-4B70-9E97-8FC6736B9877}"
EndProject
Project("{FAE04EC0-301F-11D3-BF4B-00C04F79EFBC}") = "desktop.iOS", "desktop\desktop.iOS\desktop.iOS.csproj", "{551725BB-E765-477F-A554-C73C0B336ACA}"
EndProject
Project("{FAE04EC0-301F-11D3-BF4B-00C04F79EFBC}") = "desktop.UWP", "desktop\desktop.UWP\desktop.UWP.csproj", "{65972022-CA79-4186-BB47-E8E498A447D7}"
EndProject
Global
	GlobalSection(SolutionConfigurationPlatforms) = preSolution
		Ad-Hoc|Any CPU = Ad-Hoc|Any CPU
		Ad-Hoc|ARM = Ad-Hoc|ARM
		Ad-Hoc|iPhone = Ad-Hoc|iPhone
		Ad-Hoc|iPhoneSimulator = Ad-Hoc|iPhoneSimulator
		Ad-Hoc|x64 = Ad-Hoc|x64
		Ad-Hoc|x86 = Ad-Hoc|x86
		AppStore|Any CPU = AppStore|Any CPU
		AppStore|ARM = AppStore|ARM
		AppStore|iPhone = AppStore|iPhone
		AppStore|iPhoneSimulator = AppStore|iPhoneSimulator
		AppStore|x64 = AppStore|x64
		AppStore|x86 = AppStore|x86
		Debug|Any CPU = Debug|Any CPU
		Debug|ARM = Debug|ARM
		Debug|iPhone = Debug|iPhone
		Debug|iPhoneSimulator = Debug|iPhoneSimulator
		Debug|x64 = Debug|x64
		Debug|x86 = Debug|x86
		Release|Any CPU = Release|Any CPU
		Release|ARM = Release|ARM
		Release|iPhone = Release|iPhone
		Release|iPhoneSimulator = Release|iPhoneSimulator
		Release|x64 = Release|x64
		Release|x86 = Release|x86
	EndGlobalSection
	GlobalSection(ProjectConfigurationPlatforms) = postSolution
		{30A2F8E7-ADCC-452B-88B5-F5D0C1209BDE}.Ad-Hoc|Any CPU.ActiveCfg = Release|Any CPU
		{30A2F8E7-ADCC-452B-88B5-F5D0C1209BDE}.Ad-Hoc|Any CPU.Build.0 = Release|Any CPU
		{30A2F8E7-ADCC-452B-88B5-F5D0C1209BDE}.Ad-Hoc|ARM.ActiveCfg = Release|Any CPU
		{30A2F8E7-ADCC-452B-88B5-F5D0C1209BDE}.Ad-Hoc|ARM.Build.0 = Release|Any CPU
		{30A2F8E7-ADCC-452B-88B5-F5D0C1209BDE}.Ad-Hoc|iPhone.ActiveCfg = Release|Any CPU
		{30A2F8E7-ADCC-452B-88B5-F5D0C1209BDE}.Ad-Hoc|iPhone.Build.0 = Release|Any CPU
		{30A2F8E7-ADCC-452B-88B5-F5D0C1209BDE}.Ad-Hoc|iPhoneSimulator.ActiveCfg = Release|Any CPU
		{30A2F8E7-ADCC-452B-88B5-F5D0C1209BDE}.Ad-Hoc|iPhoneSimulator.Build.0 = Release|Any CPU
		{30A2F8E7-ADCC-452B-88B5-F5D0C1209BDE}.Ad-Hoc|x64.ActiveCfg = Release|Any CPU
		{30A2F8E7-ADCC-452B-88B5-F5D0C1209BDE}.Ad-Hoc|x64.Build.0 = Release|Any CPU
		{30A2F8E7-ADCC-452B-88B5-F5D0C1209BDE}.Ad-Hoc|x86.ActiveCfg = Release|Any CPU
		{30A2F8E7-ADCC-452B-88B5-F5D0C1209BDE}.Ad-Hoc|x86.Build.0 = Release|Any CPU
		{30A2F8E7-ADCC-452B-88B5-F5D0C1209BDE}.AppStore|Any CPU.ActiveCfg = Release|Any CPU
		{30A2F8E7-ADCC-452B-88B5-F5D0C1209BDE}.AppStore|Any CPU.Build.0 = Release|Any CPU
		{30A2F8E7-ADCC-452B-88B5-F5D0C1209BDE}.AppStore|ARM.ActiveCfg = Release|Any CPU
		{30A2F8E7-ADCC-452B-88B5-F5D0C1209BDE}.AppStore|ARM.Build.0 = Release|Any CPU
		{30A2F8E7-ADCC-452B-88B5-F5D0C1209BDE}.AppStore|iPhone.ActiveCfg = Release|Any CPU
		{30A2F8E7-ADCC-452B-88B5-F5D0C1209BDE}.AppStore|iPhone.Build.0 = Release|Any CPU
		{30A2F8E7-ADCC-452B-88B5-F5D0C1209BDE}.AppStore|iPhoneSimulator.ActiveCfg = Release|Any CPU
		{30A2F8E7-ADCC-452B-88B5-F5D0C1209BDE}.AppStore|iPhoneSimulator.Build.0 = Release|Any CPU
		{30A2F8E7-ADCC-452B-88B5-F5D0C1209BDE}.AppStore|x64.ActiveCfg = Release|Any CPU
		{30A2F8E7-ADCC-452B-88B5-F5D0C1209BDE}.AppStore|x64.Build.0 = Release|Any CPU
		{30A2F8E7-ADCC-452B-88B5-F5D0C1209BDE}.AppStore|x86.ActiveCfg = Release|Any CPU
		{30A2F8E7-ADCC-452B-88B5-F5D0C1209BDE}.AppStore|x86.Build.0 = Release|Any CPU
		{30A2F8E7-ADCC-452B-88B5-F5D0C1209BDE}.Debug|Any CPU.ActiveCfg = Debug|Any CPU
		{30A2F8E7-ADCC-452B-88B5-F5D0C1209BDE}.Debug|Any CPU.Build.0 = Debug|Any CPU
		{30A2F8E7-ADCC-452B-88B5-F5D0C1209BDE}.Debug|ARM.ActiveCfg = Debug|Any CPU
		{30A2F8E7-ADCC-452B-88B5-F5D0C1209BDE}.Debug|ARM.Build.0 = Debug|Any CPU
		{30A2F8E7-ADCC-452B-88B5-F5D0C1209BDE}.Debug|iPhone.ActiveCfg = Debug|Any CPU
		{30A2F8E7-ADCC-452B-88B5-F5D0C1209BDE}.Debug|iPhone.Build.0 = Debug|Any CPU
		{30A2F8E7-ADCC-452B-88B5-F5D0C1209BDE}.Debug|iPhoneSimulator.ActiveCfg = Debug|Any CPU
		{30A2F8E7-ADCC-452B-88B5-F5D0C1209BDE}.Debug|iPhoneSimulator.Build.0 = Debug|Any CPU
		{30A2F8E7-ADCC-452B-88B5-F5D0C1209BDE}.Debug|x64.ActiveCfg = Debug|Any CPU
		{30A2F8E7-ADCC-452B-88B5-F5D0C1209BDE}.Debug|x64.Build.0 = Debug|Any CPU
		{30A2F8E7-ADCC-452B-88B5-F5D0C1209BDE}.Debug|x86.ActiveCfg = Debug|Any CPU
		{30A2F8E7-ADCC-452B-88B5-F5D0C1209BDE}.Debug|x86.Build.0 = Debug|Any CPU
		{30A2F8E7-ADCC-452B-88B5-F5D0C1209BDE}.Release|Any CPU.ActiveCfg = Release|Any CPU
		{30A2F8E7-ADCC-452B-88B5-F5D0C1209BDE}.Release|Any CPU.Build.0 = Release|Any CPU
		{30A2F8E7-ADCC-452B-88B5-F5D0C1209BDE}.Release|ARM.ActiveCfg = Release|Any CPU
		{30A2F8E7-ADCC-452B-88B5-F5D0C1209BDE}.Release|ARM.Build.0 = Release|Any CPU
		{30A2F8E7-ADCC-452B-88B5-F5D0C1209BDE}.Release|iPhone.ActiveCfg = Release|Any CPU
		{30A2F8E7-ADCC-452B-88B5-F5D0C1209BDE}.Release|iPhone.Build.0 = Release|Any CPU
		{30A2F8E7-ADCC-452B-88B5-F5D0C1209BDE}.Release|iPhoneSimulator.ActiveCfg = Release|Any CPU
		{30A2F8E7-ADCC-452B-88B5-F5D0C1209BDE}.Release|iPhoneSimulator.Build.0 = Release|Any CPU
		{30A2F8E7-ADCC-452B-88B5-F5D0C1209BDE}.Release|x64.ActiveCfg = Release|Any CPU
		{30A2F8E7-ADCC-452B-88B5-F5D0C1209BDE}.Release|x64.Build.0 = Release|Any CPU
		{30A2F8E7-ADCC-452B-88B5-F5D0C1209BDE}.Release|x86.ActiveCfg = Release|Any CPU
		{30A2F8E7-ADCC-452B-88B5-F5D0C1209BDE}.Release|x86.Build.0 = Release|Any CPU
		{7B57B778-586C-4B70-9E97-8FC6736B9877}.Ad-Hoc|Any CPU.ActiveCfg = Release|Any CPU
		{7B57B778-586C-4B70-9E97-8FC6736B9877}.Ad-Hoc|Any CPU.Build.0 = Release|Any CPU
		{7B57B778-586C-4B70-9E97-8FC6736B9877}.Ad-Hoc|Any CPU.Deploy.0 = Release|Any CPU
		{7B57B778-586C-4B70-9E97-8FC6736B9877}.Ad-Hoc|ARM.ActiveCfg = Release|Any CPU
		{7B57B778-586C-4B70-9E97-8FC6736B9877}.Ad-Hoc|ARM.Build.0 = Release|Any CPU
		{7B57B778-586C-4B70-9E97-8FC6736B9877}.Ad-Hoc|ARM.Deploy.0 = Release|Any CPU
		{7B57B778-586C-4B70-9E97-8FC6736B9877}.Ad-Hoc|iPhone.ActiveCfg = Release|Any CPU
		{7B57B778-586C-4B70-9E97-8FC6736B9877}.Ad-Hoc|iPhone.Build.0 = Release|Any CPU
		{7B57B778-586C-4B70-9E97-8FC6736B9877}.Ad-Hoc|iPhone.Deploy.0 = Release|Any CPU
		{7B57B778-586C-4B70-9E97-8FC6736B9877}.Ad-Hoc|iPhoneSimulator.ActiveCfg = Release|Any CPU
		{7B57B778-586C-4B70-9E97-8FC6736B9877}.Ad-Hoc|iPhoneSimulator.Build.0 = Release|Any CPU
		{7B57B778-586C-4B70-9E97-8FC6736B9877}.Ad-Hoc|iPhoneSimulator.Deploy.0 = Release|Any CPU
		{7B57B778-586C-4B70-9E97-8FC6736B9877}.Ad-Hoc|x64.ActiveCfg = Release|Any CPU
		{7B57B778-586C-4B70-9E97-8FC6736B9877}.Ad-Hoc|x64.Build.0 = Release|Any CPU
		{7B57B778-586C-4B70-9E97-8FC6736B9877}.Ad-Hoc|x64.Deploy.0 = Release|Any CPU
		{7B57B778-586C-4B70-9E97-8FC6736B9877}.Ad-Hoc|x86.ActiveCfg = Release|Any CPU
		{7B57B778-586C-4B70-9E97-8FC6736B9877}.Ad-Hoc|x86.Build.0 = Release|Any CPU
		{7B57B778-586C-4B70-9E97-8FC6736B9877}.Ad-Hoc|x86.Deploy.0 = Release|Any CPU
		{7B57B778-586C-4B70-9E97-8FC6736B9877}.AppStore|Any CPU.ActiveCfg = Release|Any CPU
		{7B57B778-586C-4B70-9E97-8FC6736B9877}.AppStore|Any CPU.Build.0 = Release|Any CPU
		{7B57B778-586C-4B70-9E97-8FC6736B9877}.AppStore|Any CPU.Deploy.0 = Release|Any CPU
		{7B57B778-586C-4B70-9E97-8FC6736B9877}.AppStore|ARM.ActiveCfg = Release|Any CPU
		{7B57B778-586C-4B70-9E97-8FC6736B9877}.AppStore|ARM.Build.0 = Release|Any CPU
		{7B57B778-586C-4B70-9E97-8FC6736B9877}.AppStore|ARM.Deploy.0 = Release|Any CPU
		{7B57B778-586C-4B70-9E97-8FC6736B9877}.AppStore|iPhone.ActiveCfg = Release|Any CPU
		{7B57B778-586C-4B70-9E97-8FC6736B9877}.AppStore|iPhone.Build.0 = Release|Any CPU
		{7B57B778-586C-4B70-9E97-8FC6736B9877}.AppStore|iPhone.Deploy.0 = Release|Any CPU
		{7B57B778-586C-4B70-9E97-8FC6736B9877}.AppStore|iPhoneSimulator.ActiveCfg = Release|Any CPU
		{7B57B778-586C-4B70-9E97-8FC6736B9877}.AppStore|iPhoneSimulator.Build.0 = Release|Any CPU
		{7B57B778-586C-4B70-9E97-8FC6736B9877}.AppStore|iPhoneSimulator.Deploy.0 = Release|Any CPU
		{7B57B778-586C-4B70-9E97-8FC6736B9877}.AppStore|x64.ActiveCfg = Release|Any CPU
		{7B57B778-586C-4B70-9E97-8FC6736B9877}.AppStore|x64.Build.0 = Release|Any CPU
		{7B57B778-586C-4B70-9E97-8FC6736B9877}.AppStore|x64.Deploy.0 = Release|Any CPU
		{7B57B778-586C-4B70-9E97-8FC6736B9877}.AppStore|x86.ActiveCfg = Release|Any CPU
		{7B57B778-586C-4B70-9E97-8FC6736B9877}.AppStore|x86.Build.0 = Release|Any CPU
		{7B57B778-586C-4B70-9E97-8FC6736B9877}.AppStore|x86.Deploy.0 = Release|Any CPU
		{7B57B778-586C-4B70-9E97-8FC6736B9877}.Debug|Any CPU.ActiveCfg = Debug|Any CPU
		{7B57B778-586C-4B70-9E97-8FC6736B9877}.Debug|Any CPU.Build.0 = Debug|Any CPU
		{7B57B778-586C-4B70-9E97-8FC6736B9877}.Debug|Any CPU.Deploy.0 = Debug|Any CPU
		{7B57B778-586C-4B70-9E97-8FC6736B9877}.Debug|ARM.ActiveCfg = Debug|Any CPU
		{7B57B778-586C-4B70-9E97-8FC6736B9877}.Debug|ARM.Build.0 = Debug|Any CPU
		{7B57B778-586C-4B70-9E97-8FC6736B9877}.Debug|ARM.Deploy.0 = Debug|Any CPU
		{7B57B778-586C-4B70-9E97-8FC6736B9877}.Debug|iPhone.ActiveCfg = Debug|Any CPU
		{7B57B778-586C-4B70-9E97-8FC6736B9877}.Debug|iPhone.Build.0 = Debug|Any CPU
		{7B57B778-586C-4B70-9E97-8FC6736B9877}.Debug|iPhone.Deploy.0 = Debug|Any CPU
		{7B57B778-586C-4B70-9E97-8FC6736B9877}.Debug|iPhoneSimulator.ActiveCfg = Debug|Any CPU
		{7B57B778-586C-4B70-9E97-8FC6736B9877}.Debug|iPhoneSimulator.Build.0 = Debug|Any CPU
		{7B57B778-586C-4B70-9E97-8FC6736B9877}.Debug|iPhoneSimulator.Deploy.0 = Debug|Any CPU
		{7B57B778-586C-4B70-9E97-8FC6736B9877}.Debug|x64.ActiveCfg = Debug|Any CPU
		{7B57B778-586C-4B70-9E97-8FC6736B9877}.Debug|x64.Build.0 = Debug|Any CPU
		{7B57B778-586C-4B70-9E97-8FC6736B9877}.Debug|x64.Deploy.0 = Debug|Any CPU
		{7B57B778-586C-4B70-9E97-8FC6736B9877}.Debug|x86.ActiveCfg = Debug|Any CPU
		{7B57B778-586C-4B70-9E97-8FC6736B9877}.Debug|x86.Build.0 = Debug|Any CPU
		{7B57B778-586C-4B70-9E97-8FC6736B9877}.Debug|x86.Deploy.0 = Debug|Any CPU
		{7B57B778-586C-4B70-9E97-8FC6736B9877}.Release|Any CPU.ActiveCfg = Release|Any CPU
		{7B57B778-586C-4B70-9E97-8FC6736B9877}.Release|Any CPU.Build.0 = Release|Any CPU
		{7B57B778-586C-4B70-9E97-8FC6736B9877}.Release|Any CPU.Deploy.0 = Release|Any CPU
		{7B57B778-586C-4B70-9E97-8FC6736B9877}.Release|ARM.ActiveCfg = Release|Any CPU
		{7B57B778-586C-4B70-9E97-8FC6736B9877}.Release|ARM.Build.0 = Release|Any CPU
		{7B57B778-586C-4B70-9E97-8FC6736B9877}.Release|ARM.Deploy.0 = Release|Any CPU
		{7B57B778-586C-4B70-9E97-8FC6736B9877}.Release|iPhone.ActiveCfg = Release|Any CPU
		{7B57B778-586C-4B70-9E97-8FC6736B9877}.Release|iPhone.Build.0 = Release|Any CPU
		{7B57B778-586C-4B70-9E97-8FC6736B9877}.Release|iPhone.Deploy.0 = Release|Any CPU
		{7B57B778-586C-4B70-9E97-8FC6736B9877}.Release|iPhoneSimulator.ActiveCfg = Release|Any CPU
		{7B57B778-586C-4B70-9E97-8FC6736B9877}.Release|iPhoneSimulator.Build.0 = Release|Any CPU
		{7B57B778-586C-4B70-9E97-8FC6736B9877}.Release|iPhoneSimulator.Deploy.0 = Release|Any CPU
		{7B57B778-586C-4B70-9E97-8FC6736B9877}.Release|x64.ActiveCfg = Release|Any CPU
		{7B57B778-586C-4B70-9E97-8FC6736B9877}.Release|x64.Build.0 = Release|Any CPU
		{7B57B778-586C-4B70-9E97-8FC6736B9877}.Release|x64.Deploy.0 = Release|Any CPU
		{7B57B778-586C-4B70-9E97-8FC6736B9877}.Release|x86.ActiveCfg = Release|Any CPU
		{7B57B778-586C-4B70-9E97-8FC6736B9877}.Release|x86.Build.0 = Release|Any CPU
		{7B57B778-586C-4B70-9E97-8FC6736B9877}.Release|x86.Deploy.0 = Release|Any CPU
		{551725BB-E765-477F-A554-C73C0B336ACA}.Ad-Hoc|Any CPU.ActiveCfg = Ad-Hoc|iPhone
		{551725BB-E765-477F-A554-C73C0B336ACA}.Ad-Hoc|ARM.ActiveCfg = Ad-Hoc|iPhone
		{551725BB-E765-477F-A554-C73C0B336ACA}.Ad-Hoc|iPhone.ActiveCfg = Ad-Hoc|iPhone
		{551725BB-E765-477F-A554-C73C0B336ACA}.Ad-Hoc|iPhone.Build.0 = Ad-Hoc|iPhone
		{551725BB-E765-477F-A554-C73C0B336ACA}.Ad-Hoc|iPhoneSimulator.ActiveCfg = Ad-Hoc|iPhoneSimulator
		{551725BB-E765-477F-A554-C73C0B336ACA}.Ad-Hoc|iPhoneSimulator.Build.0 = Ad-Hoc|iPhoneSimulator
		{551725BB-E765-477F-A554-C73C0B336ACA}.Ad-Hoc|x64.ActiveCfg = Ad-Hoc|iPhone
		{551725BB-E765-477F-A554-C73C0B336ACA}.Ad-Hoc|x86.ActiveCfg = Ad-Hoc|iPhone
		{551725BB-E765-477F-A554-C73C0B336ACA}.AppStore|Any CPU.ActiveCfg = AppStore|iPhone
		{551725BB-E765-477F-A554-C73C0B336ACA}.AppStore|ARM.ActiveCfg = AppStore|iPhone
		{551725BB-E765-477F-A554-C73C0B336ACA}.AppStore|iPhone.ActiveCfg = AppStore|iPhone
		{551725BB-E765-477F-A554-C73C0B336ACA}.AppStore|iPhone.Build.0 = AppStore|iPhone
		{551725BB-E765-477F-A554-C73C0B336ACA}.AppStore|iPhoneSimulator.ActiveCfg = AppStore|iPhoneSimulator
		{551725BB-E765-477F-A554-C73C0B336ACA}.AppStore|iPhoneSimulator.Build.0 = AppStore|iPhoneSimulator
		{551725BB-E765-477F-A554-C73C0B336ACA}.AppStore|x64.ActiveCfg = AppStore|iPhone
		{551725BB-E765-477F-A554-C73C0B336ACA}.AppStore|x86.ActiveCfg = AppStore|iPhone
		{551725BB-E765-477F-A554-C73C0B336ACA}.Debug|Any CPU.ActiveCfg = Debug|iPhone
		{551725BB-E765-477F-A554-C73C0B336ACA}.Debug|ARM.ActiveCfg = Debug|iPhone
		{551725BB-E765-477F-A554-C73C0B336ACA}.Debug|iPhone.ActiveCfg = Debug|iPhone
		{551725BB-E765-477F-A554-C73C0B336ACA}.Debug|iPhone.Build.0 = Debug|iPhone
		{551725BB-E765-477F-A554-C73C0B336ACA}.Debug|iPhoneSimulator.ActiveCfg = Debug|iPhoneSimulator
		{551725BB-E765-477F-A554-C73C0B336ACA}.Debug|iPhoneSimulator.Build.0 = Debug|iPhoneSimulator
		{551725BB-E765-477F-A554-C73C0B336ACA}.Debug|x64.ActiveCfg = Debug|iPhone
		{551725BB-E765-477F-A554-C73C0B336ACA}.Debug|x86.ActiveCfg = Debug|iPhone
		{551725BB-E765-477F-A554-C73C0B336ACA}.Release|Any CPU.ActiveCfg = Release|iPhone
		{551725BB-E765-477F-A554-C73C0B336ACA}.Release|ARM.ActiveCfg = Release|iPhone
		{551725BB-E765-477F-A554-C73C0B336ACA}.Release|iPhone.ActiveCfg = Release|iPhone
		{551725BB-E765-477F-A554-C73C0B336ACA}.Release|iPhone.Build.0 = Release|iPhone
		{551725BB-E765-477F-A554-C73C0B336ACA}.Release|iPhoneSimulator.ActiveCfg = Release|iPhoneSimulator
		{551725BB-E765-477F-A554-C73C0B336ACA}.Release|iPhoneSimulator.Build.0 = Release|iPhoneSimulator
		{551725BB-E765-477F-A554-C73C0B336ACA}.Release|x64.ActiveCfg = Release|iPhone
		{551725BB-E765-477F-A554-C73C0B336ACA}.Release|x86.ActiveCfg = Release|iPhone
		{65972022-CA79-4186-BB47-E8E498A447D7}.Ad-Hoc|Any CPU.ActiveCfg = Release|x86
		{65972022-CA79-4186-BB47-E8E498A447D7}.Ad-Hoc|Any CPU.Build.0 = Release|x86
		{65972022-CA79-4186-BB47-E8E498A447D7}.Ad-Hoc|Any CPU.Deploy.0 = Release|x86
		{65972022-CA79-4186-BB47-E8E498A447D7}.Ad-Hoc|ARM.ActiveCfg = Release|ARM
		{65972022-CA79-4186-BB47-E8E498A447D7}.Ad-Hoc|ARM.Build.0 = Release|ARM
		{65972022-CA79-4186-BB47-E8E498A447D7}.Ad-Hoc|ARM.Deploy.0 = Release|ARM
		{65972022-CA79-4186-BB47-E8E498A447D7}.Ad-Hoc|iPhone.ActiveCfg = Release|x86
		{65972022-CA79-4186-BB47-E8E498A447D7}.Ad-Hoc|iPhone.Build.0 = Release|x86
		{65972022-CA79-4186-BB47-E8E498A447D7}.Ad-Hoc|iPhone.Deploy.0 = Release|x86
		{65972022-CA79-4186-BB47-E8E498A447D7}.Ad-Hoc|iPhoneSimulator.ActiveCfg = Release|x86
		{65972022-CA79-4186-BB47-E8E498A447D7}.Ad-Hoc|iPhoneSimulator.Build.0 = Release|x86
		{65972022-CA79-4186-BB47-E8E498A447D7}.Ad-Hoc|iPhoneSimulator.Deploy.0 = Release|x86
		{65972022-CA79-4186-BB47-E8E498A447D7}.Ad-Hoc|x64.ActiveCfg = Release|x64
		{65972022-CA79-4186-BB47-E8E498A447D7}.Ad-Hoc|x64.Build.0 = Release|x64
		{65972022-CA79-4186-BB47-E8E498A447D7}.Ad-Hoc|x64.Deploy.0 = Release|x64
		{65972022-CA79-4186-BB47-E8E498A447D7}.Ad-Hoc|x86.ActiveCfg = Release|x86
		{65972022-CA79-4186-BB47-E8E498A447D7}.Ad-Hoc|x86.Build.0 = Release|x86
		{65972022-CA79-4186-BB47-E8E498A447D7}.Ad-Hoc|x86.Deploy.0 = Release|x86
		{65972022-CA79-4186-BB47-E8E498A447D7}.AppStore|Any CPU.ActiveCfg = Release|x86
		{65972022-CA79-4186-BB47-E8E498A447D7}.AppStore|Any CPU.Build.0 = Release|x86
		{65972022-CA79-4186-BB47-E8E498A447D7}.AppStore|Any CPU.Deploy.0 = Release|x86
		{65972022-CA79-4186-BB47-E8E498A447D7}.AppStore|ARM.ActiveCfg = Release|ARM
		{65972022-CA79-4186-BB47-E8E498A447D7}.AppStore|ARM.Build.0 = Release|ARM
		{65972022-CA79-4186-BB47-E8E498A447D7}.AppStore|ARM.Deploy.0 = Release|ARM
		{65972022-CA79-4186-BB47-E8E498A447D7}.AppStore|iPhone.ActiveCfg = Release|x86
		{65972022-CA79-4186-BB47-E8E498A447D7}.AppStore|iPhone.Build.0 = Release|x86
		{65972022-CA79-4186-BB47-E8E498A447D7}.AppStore|iPhone.Deploy.0 = Release|x86
		{65972022-CA79-4186-BB47-E8E498A447D7}.AppStore|iPhoneSimulator.ActiveCfg = Release|x86
		{65972022-CA79-4186-BB47-E8E498A447D7}.AppStore|iPhoneSimulator.Build.0 = Release|x86
		{65972022-CA79-4186-BB47-E8E498A447D7}.AppStore|iPhoneSimulator.Deploy.0 = Release|x86
		{65972022-CA79-4186-BB47-E8E498A447D7}.AppStore|x64.ActiveCfg = Release|x64
		{65972022-CA79-4186-BB47-E8E498A447D7}.AppStore|x64.Build.0 = Release|x64
		{65972022-CA79-4186-BB47-E8E498A447D7}.AppStore|x64.Deploy.0 = Release|x64
		{65972022-CA79-4186-BB47-E8E498A447D7}.AppStore|x86.ActiveCfg = Release|x86
		{65972022-CA79-4186-BB47-E8E498A447D7}.AppStore|x86.Build.0 = Release|x86
		{65972022-CA79-4186-BB47-E8E498A447D7}.AppStore|x86.Deploy.0 = Release|x86
		{65972022-CA79-4186-BB47-E8E498A447D7}.Debug|Any CPU.ActiveCfg = Debug|x86
		{65972022-CA79-4186-BB47-E8E498A447D7}.Debug|ARM.ActiveCfg = Debug|ARM
		{65972022-CA79-4186-BB47-E8E498A447D7}.Debug|ARM.Build.0 = Debug|ARM
		{65972022-CA79-4186-BB47-E8E498A447D7}.Debug|ARM.Deploy.0 = Debug|ARM
		{65972022-CA79-4186-BB47-E8E498A447D7}.Debug|iPhone.ActiveCfg = Debug|x86
		{65972022-CA79-4186-BB47-E8E498A447D7}.Debug|iPhoneSimulator.ActiveCfg = Debug|x86
		{65972022-CA79-4186-BB47-E8E498A447D7}.Debug|x64.ActiveCfg = Debug|x64
		{65972022-CA79-4186-BB47-E8E498A447D7}.Debug|x64.Build.0 = Debug|x64
		{65972022-CA79-4186-BB47-E8E498A447D7}.Debug|x64.Deploy.0 = Debug|x64
		{65972022-CA79-4186-BB47-E8E498A447D7}.Debug|x86.ActiveCfg = Debug|x86
		{65972022-CA79-4186-BB47-E8E498A447D7}.Debug|x86.Build.0 = Debug|x86
		{65972022-CA79-4186-BB47-E8E498A447D7}.Debug|x86.Deploy.0 = Debug|x86
		{65972022-CA79-4186-BB47-E8E498A447D7}.Release|Any CPU.ActiveCfg = Release|x86
		{65972022-CA79-4186-BB47-E8E498A447D7}.Release|ARM.ActiveCfg = Release|ARM
		{65972022-CA79-4186-BB47-E8E498A447D7}.Release|ARM.Build.0 = Release|ARM
		{65972022-CA79-4186-BB47-E8E498A447D7}.Release|ARM.Deploy.0 = Release|ARM
		{65972022-CA79-4186-BB47-E8E498A447D7}.Release|iPhone.ActiveCfg = Release|x86
		{65972022-CA79-4186-BB47-E8E498A447D7}.Release|iPhoneSimulator.ActiveCfg = Release|x86
		{65972022-CA79-4186-BB47-E8E498A447D7}.Release|x64.ActiveCfg = Release|x64
		{65972022-CA79-4186-BB47-E8E498A447D7}.Release|x64.Build.0 = Release|x64
		{65972022-CA79-4186-BB47-E8E498A447D7}.Release|x64.Deploy.0 = Release|x64
		{65972022-CA79-4186-BB47-E8E498A447D7}.Release|x86.ActiveCfg = Release|x86
		{65972022-CA79-4186-BB47-E8E498A447D7}.Release|x86.Build.0 = Release|x86
		{65972022-CA79-4186-BB47-E8E498A447D7}.Release|x86.Deploy.0 = Release|x86
	EndGlobalSection
	GlobalSection(SolutionProperties) = preSolution
		HideSolutionNode = FALSE
	EndGlobalSection
EndGlobal
